
Microsoft Visual Studio Solution File, Format Version 12.00
# Visual Studio Version 16
VisualStudioVersion = 16.0.29926.136
MinimumVisualStudioVersion = 10.0.40219.1
Project("{9A19103F-16F7-4668-BE54-9A1E7A4F7556}") = "01. Car", "01. Car\01. Car.csproj", "{8028CEED-30C8-42FA-B441-2865171308FD}"
EndProject
Project("{9A19103F-16F7-4668-BE54-9A1E7A4F7556}") = "02. Car extension", "02. Car extension\02. Car extension.csproj", "{B430F3C7-9F7F-4C36-945A-F552F4CC69FF}"
EndProject
Project("{9A19103F-16F7-4668-BE54-9A1E7A4F7556}") = "03. Car Constructors", "03. Car Constructors\03. Car Constructors.csproj", "{34D2AEEC-8312-4D30-BA83-B03519F20208}"
EndProject
Project("{9A19103F-16F7-4668-BE54-9A1E7A4F7556}") = "04. Car engine and tires", "04. Car engine and tires\04. Car engine and tires.csproj", "{4372603F-B186-4F78-A495-D7DBAF8D9DA5}"
EndProject
Project("{FAE04EC0-301F-11D3-BF4B-00C04F79EFBC}") = "05. Special Cars", "05. Special Cars\05. Special Cars.csproj", "{BD287C23-0299-4F79-9131-3FE440949419}"
EndProject
Global
	GlobalSection(SolutionConfigurationPlatforms) = preSolution
		Debug|Any CPU = Debug|Any CPU
		Release|Any CPU = Release|Any CPU
	EndGlobalSection
	GlobalSection(ProjectConfigurationPlatforms) = postSolution
		{8028CEED-30C8-42FA-B441-2865171308FD}.Debug|Any CPU.ActiveCfg = Debug|Any CPU
		{8028CEED-30C8-42FA-B441-2865171308FD}.Debug|Any CPU.Build.0 = Debug|Any CPU
		{8028CEED-30C8-42FA-B441-2865171308FD}.Release|Any CPU.ActiveCfg = Release|Any CPU
		{8028CEED-30C8-42FA-B441-2865171308FD}.Release|Any CPU.Build.0 = Release|Any CPU
		{B430F3C7-9F7F-4C36-945A-F552F4CC69FF}.Debug|Any CPU.ActiveCfg = Debug|Any CPU
		{B430F3C7-9F7F-4C36-945A-F552F4CC69FF}.Debug|Any CPU.Build.0 = Debug|Any CPU
		{B430F3C7-9F7F-4C36-945A-F552F4CC69FF}.Release|Any CPU.ActiveCfg = Release|Any CPU
		{B430F3C7-9F7F-4C36-945A-F552F4CC69FF}.Release|Any CPU.Build.0 = Release|Any CPU
		{34D2AEEC-8312-4D30-BA83-B03519F20208}.Debug|Any CPU.ActiveCfg = Debug|Any CPU
		{34D2AEEC-8312-4D30-BA83-B03519F20208}.Debug|Any CPU.Build.0 = Debug|Any CPU
		{34D2AEEC-8312-4D30-BA83-B03519F20208}.Release|Any CPU.ActiveCfg = Release|Any CPU
		{34D2AEEC-8312-4D30-BA83-B03519F20208}.Release|Any CPU.Build.0 = Release|Any CPU
		{4372603F-B186-4F78-A495-D7DBAF8D9DA5}.Debug|Any CPU.ActiveCfg = Debug|Any CPU
		{4372603F-B186-4F78-A495-D7DBAF8D9DA5}.Debug|Any CPU.Build.0 = Debug|Any CPU
		{4372603F-B186-4F78-A495-D7DBAF8D9DA5}.Release|Any CPU.ActiveCfg = Release|Any CPU
		{4372603F-B186-4F78-A495-D7DBAF8D9DA5}.Release|Any CPU.Build.0 = Release|Any CPU
		{BD287C23-0299-4F79-9131-3FE440949419}.Debug|Any CPU.ActiveCfg = Debug|Any CPU
		{BD287C23-0299-4F79-9131-3FE440949419}.Debug|Any CPU.Build.0 = Debug|Any CPU
		{BD287C23-0299-4F79-9131-3FE440949419}.Release|Any CPU.ActiveCfg = Release|Any CPU
		{BD287C23-0299-4F79-9131-3FE440949419}.Release|Any CPU.Build.0 = Release|Any CPU
	EndGlobalSection
	GlobalSection(SolutionProperties) = preSolution
		HideSolutionNode = FALSE
	EndGlobalSection
	GlobalSection(ExtensibilityGlobals) = postSolution
		SolutionGuid = {9F8DAD6E-0801-4ADA-ABBD-2E0BBAA384F5}
	EndGlobalSection
EndGlobal
