
Microsoft Visual Studio Solution File, Format Version 12.00
# Visual Studio Version 16
VisualStudioVersion = 16.0.29926.136
MinimumVisualStudioVersion = 10.0.40219.1
Project("{9A19103F-16F7-4668-BE54-9A1E7A4F7556}") = "BoxOfT", "BoxOfT\BoxOfT.csproj", "{762FEEB2-C8DD-4AD1-8A2E-E3676CF1847F}"
EndProject
Project("{FAE04EC0-301F-11D3-BF4B-00C04F79EFBC}") = "GenericArrayCreator", "GenericArrayCreator\GenericArrayCreator.csproj", "{6746D7F9-FECB-42EE-B2D7-851918BB80F4}"
EndProject
Project("{FAE04EC0-301F-11D3-BF4B-00C04F79EFBC}") = "GenericScale", "GenericScale\GenericScale.csproj", "{D4F854BD-7A2E-4AB6-986F-EF02B337120D}"
EndProject
Global
	GlobalSection(SolutionConfigurationPlatforms) = preSolution
		Debug|Any CPU = Debug|Any CPU
		Release|Any CPU = Release|Any CPU
	EndGlobalSection
	GlobalSection(ProjectConfigurationPlatforms) = postSolution
		{762FEEB2-C8DD-4AD1-8A2E-E3676CF1847F}.Debug|Any CPU.ActiveCfg = Debug|Any CPU
		{762FEEB2-C8DD-4AD1-8A2E-E3676CF1847F}.Debug|Any CPU.Build.0 = Debug|Any CPU
		{762FEEB2-C8DD-4AD1-8A2E-E3676CF1847F}.Release|Any CPU.ActiveCfg = Release|Any CPU
		{762FEEB2-C8DD-4AD1-8A2E-E3676CF1847F}.Release|Any CPU.Build.0 = Release|Any CPU
		{6746D7F9-FECB-42EE-B2D7-851918BB80F4}.Debug|Any CPU.ActiveCfg = Debug|Any CPU
		{6746D7F9-FECB-42EE-B2D7-851918BB80F4}.Debug|Any CPU.Build.0 = Debug|Any CPU
		{6746D7F9-FECB-42EE-B2D7-851918BB80F4}.Release|Any CPU.ActiveCfg = Release|Any CPU
		{6746D7F9-FECB-42EE-B2D7-851918BB80F4}.Release|Any CPU.Build.0 = Release|Any CPU
		{D4F854BD-7A2E-4AB6-986F-EF02B337120D}.Debug|Any CPU.ActiveCfg = Debug|Any CPU
		{D4F854BD-7A2E-4AB6-986F-EF02B337120D}.Debug|Any CPU.Build.0 = Debug|Any CPU
		{D4F854BD-7A2E-4AB6-986F-EF02B337120D}.Release|Any CPU.ActiveCfg = Release|Any CPU
		{D4F854BD-7A2E-4AB6-986F-EF02B337120D}.Release|Any CPU.Build.0 = Release|Any CPU
	EndGlobalSection
	GlobalSection(SolutionProperties) = preSolution
		HideSolutionNode = FALSE
	EndGlobalSection
	GlobalSection(ExtensibilityGlobals) = postSolution
		SolutionGuid = {616FAEC8-9DC6-4A80-A3CF-3A16BAC9530C}
	EndGlobalSection
EndGlobal
