
Microsoft Visual Studio Solution File, Format Version 12.00
# Visual Studio Version 16
VisualStudioVersion = 16.0.29926.136
MinimumVisualStudioVersion = 10.0.40219.1
Project("{FAE04EC0-301F-11D3-BF4B-00C04F79EFBC}") = "01. Unique usernames", "01. Unique usernames\01. Unique usernames.csproj", "{02322A04-536B-437F-9B05-80BFE734BA15}"
EndProject
Global
	GlobalSection(SolutionConfigurationPlatforms) = preSolution
		Debug|Any CPU = Debug|Any CPU
		Release|Any CPU = Release|Any CPU
	EndGlobalSection
	GlobalSection(ProjectConfigurationPlatforms) = postSolution
		{02322A04-536B-437F-9B05-80BFE734BA15}.Debug|Any CPU.ActiveCfg = Debug|Any CPU
		{02322A04-536B-437F-9B05-80BFE734BA15}.Debug|Any CPU.Build.0 = Debug|Any CPU
		{02322A04-536B-437F-9B05-80BFE734BA15}.Release|Any CPU.ActiveCfg = Release|Any CPU
		{02322A04-536B-437F-9B05-80BFE734BA15}.Release|Any CPU.Build.0 = Release|Any CPU
	EndGlobalSection
	GlobalSection(SolutionProperties) = preSolution
		HideSolutionNode = FALSE
	EndGlobalSection
	GlobalSection(ExtensibilityGlobals) = postSolution
		SolutionGuid = {6EB5085C-45FC-48F6-A8ED-E5E6626F8792}
	EndGlobalSection
EndGlobal
