
Microsoft Visual Studio Solution File, Format Version 12.00
# Visual Studio Version 16
VisualStudioVersion = 16.0.29926.136
MinimumVisualStudioVersion = 10.0.40219.1
Project("{9A19103F-16F7-4668-BE54-9A1E7A4F7556}") = "Exercise", "Exercise\Exercise.csproj", "{EB707CC4-1750-4A26-85EA-A21C832CDFBB}"
EndProject
Project("{9A19103F-16F7-4668-BE54-9A1E7A4F7556}") = "02. Creating Constructors", "02. Creating Constructors\02. Creating Constructors.csproj", "{6C698E0C-C82F-499E-9C03-8651320C7CF1}"
EndProject
Project("{FAE04EC0-301F-11D3-BF4B-00C04F79EFBC}") = "03. Oldest Family member", "03. Oldest Family member\03. Oldest Family member.csproj", "{7FF5B2C0-9B17-49AD-AEE9-C82B74662DEB}"
EndProject
Project("{FAE04EC0-301F-11D3-BF4B-00C04F79EFBC}") = "03. Oldest member", "03. Oldest member\03. Oldest member.csproj", "{16B3894A-B146-4815-B241-8ED372049C66}"
EndProject
Project("{2150E333-8FDC-42A3-9474-1A3956D46DE8}") = "Solution Items", "Solution Items", "{532F2685-8B6E-490D-97EB-E91C964F2B26}"
EndProject
Project("{9A19103F-16F7-4668-BE54-9A1E7A4F7556}") = "8.CarSalesman", "8.CarSalesman\8.CarSalesman.csproj", "{5E3F81DE-1D49-4892-A78B-B914601E205F}"
EndProject
Project("{9A19103F-16F7-4668-BE54-9A1E7A4F7556}") = "7.RawData", "7.RawData\7.RawData.csproj", "{92DA4C78-D2EE-4EDC-960F-385A685C4233}"
EndProject
Project("{9A19103F-16F7-4668-BE54-9A1E7A4F7556}") = "06.SpeedRacing", "06.SpeedRacing\06.SpeedRacing.csproj", "{5B4DB0EF-3A48-40A7-8A0D-0A52A3914017}"
EndProject
Project("{9A19103F-16F7-4668-BE54-9A1E7A4F7556}") = "09.PokemonTrainer", "09.PokemonTrainer\09.PokemonTrainer.csproj", "{E9E1CCEE-9272-448C-BF0A-D24374B26261}"
EndProject
Project("{9A19103F-16F7-4668-BE54-9A1E7A4F7556}") = "SoftUniParking", "10.SoftUniParking\SoftUniParking.csproj", "{F1C4DC97-2926-4962-8CA0-3036AD1E9EA3}"
EndProject
Global
	GlobalSection(SolutionConfigurationPlatforms) = preSolution
		Debug|Any CPU = Debug|Any CPU
		Release|Any CPU = Release|Any CPU
	EndGlobalSection
	GlobalSection(ProjectConfigurationPlatforms) = postSolution
		{EB707CC4-1750-4A26-85EA-A21C832CDFBB}.Debug|Any CPU.ActiveCfg = Debug|Any CPU
		{EB707CC4-1750-4A26-85EA-A21C832CDFBB}.Debug|Any CPU.Build.0 = Debug|Any CPU
		{EB707CC4-1750-4A26-85EA-A21C832CDFBB}.Release|Any CPU.ActiveCfg = Release|Any CPU
		{EB707CC4-1750-4A26-85EA-A21C832CDFBB}.Release|Any CPU.Build.0 = Release|Any CPU
		{6C698E0C-C82F-499E-9C03-8651320C7CF1}.Debug|Any CPU.ActiveCfg = Debug|Any CPU
		{6C698E0C-C82F-499E-9C03-8651320C7CF1}.Debug|Any CPU.Build.0 = Debug|Any CPU
		{6C698E0C-C82F-499E-9C03-8651320C7CF1}.Release|Any CPU.ActiveCfg = Release|Any CPU
		{6C698E0C-C82F-499E-9C03-8651320C7CF1}.Release|Any CPU.Build.0 = Release|Any CPU
		{7FF5B2C0-9B17-49AD-AEE9-C82B74662DEB}.Debug|Any CPU.ActiveCfg = Debug|Any CPU
		{7FF5B2C0-9B17-49AD-AEE9-C82B74662DEB}.Debug|Any CPU.Build.0 = Debug|Any CPU
		{7FF5B2C0-9B17-49AD-AEE9-C82B74662DEB}.Release|Any CPU.ActiveCfg = Release|Any CPU
		{7FF5B2C0-9B17-49AD-AEE9-C82B74662DEB}.Release|Any CPU.Build.0 = Release|Any CPU
		{16B3894A-B146-4815-B241-8ED372049C66}.Debug|Any CPU.ActiveCfg = Debug|Any CPU
		{16B3894A-B146-4815-B241-8ED372049C66}.Debug|Any CPU.Build.0 = Debug|Any CPU
		{16B3894A-B146-4815-B241-8ED372049C66}.Release|Any CPU.ActiveCfg = Release|Any CPU
		{16B3894A-B146-4815-B241-8ED372049C66}.Release|Any CPU.Build.0 = Release|Any CPU
		{5E3F81DE-1D49-4892-A78B-B914601E205F}.Debug|Any CPU.ActiveCfg = Debug|Any CPU
		{5E3F81DE-1D49-4892-A78B-B914601E205F}.Debug|Any CPU.Build.0 = Debug|Any CPU
		{5E3F81DE-1D49-4892-A78B-B914601E205F}.Release|Any CPU.ActiveCfg = Release|Any CPU
		{5E3F81DE-1D49-4892-A78B-B914601E205F}.Release|Any CPU.Build.0 = Release|Any CPU
		{92DA4C78-D2EE-4EDC-960F-385A685C4233}.Debug|Any CPU.ActiveCfg = Debug|Any CPU
		{92DA4C78-D2EE-4EDC-960F-385A685C4233}.Debug|Any CPU.Build.0 = Debug|Any CPU
		{92DA4C78-D2EE-4EDC-960F-385A685C4233}.Release|Any CPU.ActiveCfg = Release|Any CPU
		{92DA4C78-D2EE-4EDC-960F-385A685C4233}.Release|Any CPU.Build.0 = Release|Any CPU
		{5B4DB0EF-3A48-40A7-8A0D-0A52A3914017}.Debug|Any CPU.ActiveCfg = Debug|Any CPU
		{5B4DB0EF-3A48-40A7-8A0D-0A52A3914017}.Debug|Any CPU.Build.0 = Debug|Any CPU
		{5B4DB0EF-3A48-40A7-8A0D-0A52A3914017}.Release|Any CPU.ActiveCfg = Release|Any CPU
		{5B4DB0EF-3A48-40A7-8A0D-0A52A3914017}.Release|Any CPU.Build.0 = Release|Any CPU
		{E9E1CCEE-9272-448C-BF0A-D24374B26261}.Debug|Any CPU.ActiveCfg = Debug|Any CPU
		{E9E1CCEE-9272-448C-BF0A-D24374B26261}.Debug|Any CPU.Build.0 = Debug|Any CPU
		{E9E1CCEE-9272-448C-BF0A-D24374B26261}.Release|Any CPU.ActiveCfg = Release|Any CPU
		{E9E1CCEE-9272-448C-BF0A-D24374B26261}.Release|Any CPU.Build.0 = Release|Any CPU
		{F1C4DC97-2926-4962-8CA0-3036AD1E9EA3}.Debug|Any CPU.ActiveCfg = Debug|Any CPU
		{F1C4DC97-2926-4962-8CA0-3036AD1E9EA3}.Debug|Any CPU.Build.0 = Debug|Any CPU
		{F1C4DC97-2926-4962-8CA0-3036AD1E9EA3}.Release|Any CPU.ActiveCfg = Release|Any CPU
		{F1C4DC97-2926-4962-8CA0-3036AD1E9EA3}.Release|Any CPU.Build.0 = Release|Any CPU
	EndGlobalSection
	GlobalSection(SolutionProperties) = preSolution
		HideSolutionNode = FALSE
	EndGlobalSection
	GlobalSection(ExtensibilityGlobals) = postSolution
		SolutionGuid = {3C15DC27-94B7-4A0C-BE1A-B9E8D7E3B800}
	EndGlobalSection
EndGlobal
