
Microsoft Visual Studio Solution File, Format Version 12.00
# Visual Studio Version 16
VisualStudioVersion = 16.0.29926.136
MinimumVisualStudioVersion = 10.0.40219.1
Project("{FAE04EC0-301F-11D3-BF4B-00C04F79EFBC}") = "IteratorsAndComparators", "IteratorsAndComparators\IteratorsAndComparators.csproj", "{635799F6-4BED-4E81-BF7F-FDC222FE1D27}"
EndProject
Global
	GlobalSection(SolutionConfigurationPlatforms) = preSolution
		Debug|Any CPU = Debug|Any CPU
		Release|Any CPU = Release|Any CPU
	EndGlobalSection
	GlobalSection(ProjectConfigurationPlatforms) = postSolution
		{635799F6-4BED-4E81-BF7F-FDC222FE1D27}.Debug|Any CPU.ActiveCfg = Debug|Any CPU
		{635799F6-4BED-4E81-BF7F-FDC222FE1D27}.Debug|Any CPU.Build.0 = Debug|Any CPU
		{635799F6-4BED-4E81-BF7F-FDC222FE1D27}.Release|Any CPU.ActiveCfg = Release|Any CPU
		{635799F6-4BED-4E81-BF7F-FDC222FE1D27}.Release|Any CPU.Build.0 = Release|Any CPU
	EndGlobalSection
	GlobalSection(SolutionProperties) = preSolution
		HideSolutionNode = FALSE
	EndGlobalSection
	GlobalSection(ExtensibilityGlobals) = postSolution
		SolutionGuid = {0F2000CC-F715-480B-B7CE-5864D0D44037}
	EndGlobalSection
EndGlobal
