
Microsoft Visual Studio Solution File, Format Version 12.00
# Visual Studio Version 16
VisualStudioVersion = 16.0.29926.136
MinimumVisualStudioVersion = 10.0.40219.1
Project("{FAE04EC0-301F-11D3-BF4B-00C04F79EFBC}") = "01. Odd lines", "01. Odd lines\01. Odd lines.csproj", "{031BF234-057C-408F-B068-83FE591541B3}"
EndProject
Project("{FAE04EC0-301F-11D3-BF4B-00C04F79EFBC}") = "02. Line Numbers", "02. Line Numbers\02. Line Numbers.csproj", "{D60079C8-9674-446E-9465-371DA24DC58E}"
EndProject
Project("{FAE04EC0-301F-11D3-BF4B-00C04F79EFBC}") = "03. Word Count", "03. Word Count\03. Word Count.csproj", "{5FEFA84F-1178-42E8-8131-D6921E4290F5}"
EndProject
Global
	GlobalSection(SolutionConfigurationPlatforms) = preSolution
		Debug|Any CPU = Debug|Any CPU
		Release|Any CPU = Release|Any CPU
	EndGlobalSection
	GlobalSection(ProjectConfigurationPlatforms) = postSolution
		{031BF234-057C-408F-B068-83FE591541B3}.Debug|Any CPU.ActiveCfg = Debug|Any CPU
		{031BF234-057C-408F-B068-83FE591541B3}.Debug|Any CPU.Build.0 = Debug|Any CPU
		{031BF234-057C-408F-B068-83FE591541B3}.Release|Any CPU.ActiveCfg = Release|Any CPU
		{031BF234-057C-408F-B068-83FE591541B3}.Release|Any CPU.Build.0 = Release|Any CPU
		{D60079C8-9674-446E-9465-371DA24DC58E}.Debug|Any CPU.ActiveCfg = Debug|Any CPU
		{D60079C8-9674-446E-9465-371DA24DC58E}.Debug|Any CPU.Build.0 = Debug|Any CPU
		{D60079C8-9674-446E-9465-371DA24DC58E}.Release|Any CPU.ActiveCfg = Release|Any CPU
		{D60079C8-9674-446E-9465-371DA24DC58E}.Release|Any CPU.Build.0 = Release|Any CPU
		{5FEFA84F-1178-42E8-8131-D6921E4290F5}.Debug|Any CPU.ActiveCfg = Debug|Any CPU
		{5FEFA84F-1178-42E8-8131-D6921E4290F5}.Debug|Any CPU.Build.0 = Debug|Any CPU
		{5FEFA84F-1178-42E8-8131-D6921E4290F5}.Release|Any CPU.ActiveCfg = Release|Any CPU
		{5FEFA84F-1178-42E8-8131-D6921E4290F5}.Release|Any CPU.Build.0 = Release|Any CPU
	EndGlobalSection
	GlobalSection(SolutionProperties) = preSolution
		HideSolutionNode = FALSE
	EndGlobalSection
	GlobalSection(ExtensibilityGlobals) = postSolution
		SolutionGuid = {D165974C-A0FA-48FE-9365-7470C0B2B89E}
	EndGlobalSection
EndGlobal
