
Microsoft Visual Studio Solution File, Format Version 12.00
# Visual Studio Version 16
VisualStudioVersion = 16.0.29926.136
MinimumVisualStudioVersion = 10.0.40219.1
Project("{9A19103F-16F7-4668-BE54-9A1E7A4F7556}") = "Person", "01. Person\Person.csproj", "{78186216-8A95-49E0-8F8D-E37F961029E3}"
EndProject
Project("{9A19103F-16F7-4668-BE54-9A1E7A4F7556}") = "Zoo", "02. Zoo\Zoo.csproj", "{D943BBD2-97AE-46EF-AF09-12BB1330DA41}"
EndProject
Project("{9A19103F-16F7-4668-BE54-9A1E7A4F7556}") = "03. Players and monsters", "03. Players and monsters\03. Players and monsters.csproj", "{72309B05-D565-4DDC-BE9F-F57BDC786511}"
EndProject
Project("{FAE04EC0-301F-11D3-BF4B-00C04F79EFBC}") = "NeedForSpeed", "NeedForSpeed\NeedForSpeed.csproj", "{35CE6560-66BC-4D13-95C0-6BB58A35DA39}"
EndProject
Project("{FAE04EC0-301F-11D3-BF4B-00C04F79EFBC}") = "Restaurant", "Restaurant\Restaurant.csproj", "{B6AAF806-0E8B-4DD2-BB03-3CE5D5752861}"
EndProject
Global
	GlobalSection(SolutionConfigurationPlatforms) = preSolution
		Debug|Any CPU = Debug|Any CPU
		Release|Any CPU = Release|Any CPU
	EndGlobalSection
	GlobalSection(ProjectConfigurationPlatforms) = postSolution
		{78186216-8A95-49E0-8F8D-E37F961029E3}.Debug|Any CPU.ActiveCfg = Debug|Any CPU
		{78186216-8A95-49E0-8F8D-E37F961029E3}.Debug|Any CPU.Build.0 = Debug|Any CPU
		{78186216-8A95-49E0-8F8D-E37F961029E3}.Release|Any CPU.ActiveCfg = Release|Any CPU
		{78186216-8A95-49E0-8F8D-E37F961029E3}.Release|Any CPU.Build.0 = Release|Any CPU
		{D943BBD2-97AE-46EF-AF09-12BB1330DA41}.Debug|Any CPU.ActiveCfg = Debug|Any CPU
		{D943BBD2-97AE-46EF-AF09-12BB1330DA41}.Debug|Any CPU.Build.0 = Debug|Any CPU
		{D943BBD2-97AE-46EF-AF09-12BB1330DA41}.Release|Any CPU.ActiveCfg = Release|Any CPU
		{D943BBD2-97AE-46EF-AF09-12BB1330DA41}.Release|Any CPU.Build.0 = Release|Any CPU
		{72309B05-D565-4DDC-BE9F-F57BDC786511}.Debug|Any CPU.ActiveCfg = Debug|Any CPU
		{72309B05-D565-4DDC-BE9F-F57BDC786511}.Debug|Any CPU.Build.0 = Debug|Any CPU
		{72309B05-D565-4DDC-BE9F-F57BDC786511}.Release|Any CPU.ActiveCfg = Release|Any CPU
		{72309B05-D565-4DDC-BE9F-F57BDC786511}.Release|Any CPU.Build.0 = Release|Any CPU
		{35CE6560-66BC-4D13-95C0-6BB58A35DA39}.Debug|Any CPU.ActiveCfg = Debug|Any CPU
		{35CE6560-66BC-4D13-95C0-6BB58A35DA39}.Debug|Any CPU.Build.0 = Debug|Any CPU
		{35CE6560-66BC-4D13-95C0-6BB58A35DA39}.Release|Any CPU.ActiveCfg = Release|Any CPU
		{35CE6560-66BC-4D13-95C0-6BB58A35DA39}.Release|Any CPU.Build.0 = Release|Any CPU
		{B6AAF806-0E8B-4DD2-BB03-3CE5D5752861}.Debug|Any CPU.ActiveCfg = Debug|Any CPU
		{B6AAF806-0E8B-4DD2-BB03-3CE5D5752861}.Debug|Any CPU.Build.0 = Debug|Any CPU
		{B6AAF806-0E8B-4DD2-BB03-3CE5D5752861}.Release|Any CPU.ActiveCfg = Release|Any CPU
		{B6AAF806-0E8B-4DD2-BB03-3CE5D5752861}.Release|Any CPU.Build.0 = Release|Any CPU
	EndGlobalSection
	GlobalSection(SolutionProperties) = preSolution
		HideSolutionNode = FALSE
	EndGlobalSection
	GlobalSection(ExtensibilityGlobals) = postSolution
		SolutionGuid = {971D2E09-727C-4775-9B6B-C5FF5B264DB7}
	EndGlobalSection
EndGlobal
