
Microsoft Visual Studio Solution File, Format Version 12.00
# Visual Studio Version 16
VisualStudioVersion = 16.0.29926.136
MinimumVisualStudioVersion = 10.0.40219.1
Project("{9A19103F-16F7-4668-BE54-9A1E7A4F7556}") = "1. Sum Matrix Elements", "1. Sum Matrix Elements\1. Sum Matrix Elements.csproj", "{3527B06A-AE8F-4BEB-9D4A-5DF39152103E}"
EndProject
Project("{9A19103F-16F7-4668-BE54-9A1E7A4F7556}") = "2. Sum Matrix Columns", "2. Sum Matrix Columns\2. Sum Matrix Columns.csproj", "{33C45ACD-8ACE-4A7F-9196-6D34D06FC6C4}"
EndProject
Project("{9A19103F-16F7-4668-BE54-9A1E7A4F7556}") = "3. Primary Diagonal", "3. Primary Diagonal\3. Primary Diagonal.csproj", "{99A47278-3FE0-4A27-BFB4-69AAD9F8062D}"
EndProject
Project("{9A19103F-16F7-4668-BE54-9A1E7A4F7556}") = "4. Symbol in Matrix", "4. Symbol in Matrix\4. Symbol in Matrix.csproj", "{67ED6F28-CFD2-4240-9E68-50FB50C29DB2}"
EndProject
Project("{9A19103F-16F7-4668-BE54-9A1E7A4F7556}") = "5. Square with Maximum sum", "5. Square with Maximum sum\5. Square with Maximum sum.csproj", "{90A62FB9-DD7A-4DDB-BDDB-8091C733823D}"
EndProject
Project("{9A19103F-16F7-4668-BE54-9A1E7A4F7556}") = "6. Jagged-Array Modification", "6. Jagged-Array Modification\6. Jagged-Array Modification.csproj", "{4EC0FB9A-F71C-47EC-B62F-DF8B1A611A27}"
EndProject
Project("{9A19103F-16F7-4668-BE54-9A1E7A4F7556}") = "7. Pascal Triangle", "7. Pascal Triangle\7. Pascal Triangle.csproj", "{63D54986-1E09-4AE6-B665-DEC18B1F45E3}"
EndProject
Project("{FAE04EC0-301F-11D3-BF4B-00C04F79EFBC}") = "4. Matrix Shuffling", "4. Matrix Shuffling\4. Matrix Shuffling.csproj", "{A7AC83FC-7BCF-43CD-8E52-0415F5149799}"
EndProject
Global
	GlobalSection(SolutionConfigurationPlatforms) = preSolution
		Debug|Any CPU = Debug|Any CPU
		Release|Any CPU = Release|Any CPU
	EndGlobalSection
	GlobalSection(ProjectConfigurationPlatforms) = postSolution
		{3527B06A-AE8F-4BEB-9D4A-5DF39152103E}.Debug|Any CPU.ActiveCfg = Debug|Any CPU
		{3527B06A-AE8F-4BEB-9D4A-5DF39152103E}.Debug|Any CPU.Build.0 = Debug|Any CPU
		{3527B06A-AE8F-4BEB-9D4A-5DF39152103E}.Release|Any CPU.ActiveCfg = Release|Any CPU
		{3527B06A-AE8F-4BEB-9D4A-5DF39152103E}.Release|Any CPU.Build.0 = Release|Any CPU
		{33C45ACD-8ACE-4A7F-9196-6D34D06FC6C4}.Debug|Any CPU.ActiveCfg = Debug|Any CPU
		{33C45ACD-8ACE-4A7F-9196-6D34D06FC6C4}.Debug|Any CPU.Build.0 = Debug|Any CPU
		{33C45ACD-8ACE-4A7F-9196-6D34D06FC6C4}.Release|Any CPU.ActiveCfg = Release|Any CPU
		{33C45ACD-8ACE-4A7F-9196-6D34D06FC6C4}.Release|Any CPU.Build.0 = Release|Any CPU
		{99A47278-3FE0-4A27-BFB4-69AAD9F8062D}.Debug|Any CPU.ActiveCfg = Debug|Any CPU
		{99A47278-3FE0-4A27-BFB4-69AAD9F8062D}.Debug|Any CPU.Build.0 = Debug|Any CPU
		{99A47278-3FE0-4A27-BFB4-69AAD9F8062D}.Release|Any CPU.ActiveCfg = Release|Any CPU
		{99A47278-3FE0-4A27-BFB4-69AAD9F8062D}.Release|Any CPU.Build.0 = Release|Any CPU
		{67ED6F28-CFD2-4240-9E68-50FB50C29DB2}.Debug|Any CPU.ActiveCfg = Debug|Any CPU
		{67ED6F28-CFD2-4240-9E68-50FB50C29DB2}.Debug|Any CPU.Build.0 = Debug|Any CPU
		{67ED6F28-CFD2-4240-9E68-50FB50C29DB2}.Release|Any CPU.ActiveCfg = Release|Any CPU
		{67ED6F28-CFD2-4240-9E68-50FB50C29DB2}.Release|Any CPU.Build.0 = Release|Any CPU
		{90A62FB9-DD7A-4DDB-BDDB-8091C733823D}.Debug|Any CPU.ActiveCfg = Debug|Any CPU
		{90A62FB9-DD7A-4DDB-BDDB-8091C733823D}.Debug|Any CPU.Build.0 = Debug|Any CPU
		{90A62FB9-DD7A-4DDB-BDDB-8091C733823D}.Release|Any CPU.ActiveCfg = Release|Any CPU
		{90A62FB9-DD7A-4DDB-BDDB-8091C733823D}.Release|Any CPU.Build.0 = Release|Any CPU
		{4EC0FB9A-F71C-47EC-B62F-DF8B1A611A27}.Debug|Any CPU.ActiveCfg = Debug|Any CPU
		{4EC0FB9A-F71C-47EC-B62F-DF8B1A611A27}.Debug|Any CPU.Build.0 = Debug|Any CPU
		{4EC0FB9A-F71C-47EC-B62F-DF8B1A611A27}.Release|Any CPU.ActiveCfg = Release|Any CPU
		{4EC0FB9A-F71C-47EC-B62F-DF8B1A611A27}.Release|Any CPU.Build.0 = Release|Any CPU
		{63D54986-1E09-4AE6-B665-DEC18B1F45E3}.Debug|Any CPU.ActiveCfg = Debug|Any CPU
		{63D54986-1E09-4AE6-B665-DEC18B1F45E3}.Debug|Any CPU.Build.0 = Debug|Any CPU
		{63D54986-1E09-4AE6-B665-DEC18B1F45E3}.Release|Any CPU.ActiveCfg = Release|Any CPU
		{63D54986-1E09-4AE6-B665-DEC18B1F45E3}.Release|Any CPU.Build.0 = Release|Any CPU
		{A7AC83FC-7BCF-43CD-8E52-0415F5149799}.Debug|Any CPU.ActiveCfg = Debug|Any CPU
		{A7AC83FC-7BCF-43CD-8E52-0415F5149799}.Debug|Any CPU.Build.0 = Debug|Any CPU
		{A7AC83FC-7BCF-43CD-8E52-0415F5149799}.Release|Any CPU.ActiveCfg = Release|Any CPU
		{A7AC83FC-7BCF-43CD-8E52-0415F5149799}.Release|Any CPU.Build.0 = Release|Any CPU
	EndGlobalSection
	GlobalSection(SolutionProperties) = preSolution
		HideSolutionNode = FALSE
	EndGlobalSection
	GlobalSection(ExtensibilityGlobals) = postSolution
		SolutionGuid = {B8EA0F30-1106-402A-91E9-204E577DF95F}
	EndGlobalSection
EndGlobal
