
Microsoft Visual Studio Solution File, Format Version 12.00
# Visual Studio Version 16
VisualStudioVersion = 16.0.29926.136
MinimumVisualStudioVersion = 10.0.40219.1
Project("{9A19103F-16F7-4668-BE54-9A1E7A4F7556}") = "Stacks and Queues - Exercise", "Stacks and Queues - Exercise\Stacks and Queues - Exercise.csproj", "{9010A8E1-4D99-4848-B1C5-BE1BBEEFB960}"
EndProject
Project("{9A19103F-16F7-4668-BE54-9A1E7A4F7556}") = "2. Basic Queue operations", "2. Basic Queue operations\2. Basic Queue operations.csproj", "{B9628DBD-4FE7-455B-B33A-77D53716C730}"
EndProject
Project("{9A19103F-16F7-4668-BE54-9A1E7A4F7556}") = "3. Maximum and minimum element", "3. Maximum and minimum element\3. Maximum and minimum element.csproj", "{A8375AA3-1AAA-4120-8CC7-57CC2E4FDA25}"
EndProject
Project("{9A19103F-16F7-4668-BE54-9A1E7A4F7556}") = "4. Fast Food", "4. Fast Food\4. Fast Food.csproj", "{5EA01649-9D48-46E0-AB6E-69FA5787F9DA}"
EndProject
Project("{9A19103F-16F7-4668-BE54-9A1E7A4F7556}") = "5. Fashion Boutique", "5. Fashion Boutique\5. Fashion Boutique.csproj", "{EA431388-5B92-42BB-9E81-292B2F47342B}"
EndProject
Project("{9A19103F-16F7-4668-BE54-9A1E7A4F7556}") = "6. Songs List", "6. Songs List\6. Songs List.csproj", "{867435F3-313E-4D7E-8A5A-DDD7A450BF3B}"
EndProject
Project("{9A19103F-16F7-4668-BE54-9A1E7A4F7556}") = "8. Balanced Parenthesis", "8. Balanced Parenthesis\8. Balanced Parenthesis.csproj", "{CF377678-E457-4E36-9387-C46C728664FE}"
EndProject
Project("{9A19103F-16F7-4668-BE54-9A1E7A4F7556}") = "9. Simple text editor", "9. Simple text editor\9. Simple text editor.csproj", "{8F77A3F5-927A-478B-829A-A5F9FAA02BC1}"
EndProject
Project("{9A19103F-16F7-4668-BE54-9A1E7A4F7556}") = "10. Traffic Jam", "10. Traffic Jam\10. Traffic Jam.csproj", "{4E3EE3CF-ADE9-4542-986C-0516EC3C0F37}"
EndProject
Project("{9A19103F-16F7-4668-BE54-9A1E7A4F7556}") = "11. Key Revolver", "11. Key Revolver\11. Key Revolver.csproj", "{06362EEE-FEC6-4059-B3DB-79687CF0E7DF}"
EndProject
Project("{9A19103F-16F7-4668-BE54-9A1E7A4F7556}") = "12. Cups and bottles", "12. Cups and bottles\12. Cups and bottles.csproj", "{12A57071-E10C-443A-A9E9-03C2A1B6B6E0}"
EndProject
Project("{FAE04EC0-301F-11D3-BF4B-00C04F79EFBC}") = "7. Truck Tour", "7. Truck Tour\7. Truck Tour.csproj", "{81178789-718E-4EDE-8D3F-980B5C42D5F2}"
EndProject
Global
	GlobalSection(SolutionConfigurationPlatforms) = preSolution
		Debug|Any CPU = Debug|Any CPU
		Release|Any CPU = Release|Any CPU
	EndGlobalSection
	GlobalSection(ProjectConfigurationPlatforms) = postSolution
		{9010A8E1-4D99-4848-B1C5-BE1BBEEFB960}.Debug|Any CPU.ActiveCfg = Debug|Any CPU
		{9010A8E1-4D99-4848-B1C5-BE1BBEEFB960}.Debug|Any CPU.Build.0 = Debug|Any CPU
		{9010A8E1-4D99-4848-B1C5-BE1BBEEFB960}.Release|Any CPU.ActiveCfg = Release|Any CPU
		{9010A8E1-4D99-4848-B1C5-BE1BBEEFB960}.Release|Any CPU.Build.0 = Release|Any CPU
		{B9628DBD-4FE7-455B-B33A-77D53716C730}.Debug|Any CPU.ActiveCfg = Debug|Any CPU
		{B9628DBD-4FE7-455B-B33A-77D53716C730}.Debug|Any CPU.Build.0 = Debug|Any CPU
		{B9628DBD-4FE7-455B-B33A-77D53716C730}.Release|Any CPU.ActiveCfg = Release|Any CPU
		{B9628DBD-4FE7-455B-B33A-77D53716C730}.Release|Any CPU.Build.0 = Release|Any CPU
		{A8375AA3-1AAA-4120-8CC7-57CC2E4FDA25}.Debug|Any CPU.ActiveCfg = Debug|Any CPU
		{A8375AA3-1AAA-4120-8CC7-57CC2E4FDA25}.Debug|Any CPU.Build.0 = Debug|Any CPU
		{A8375AA3-1AAA-4120-8CC7-57CC2E4FDA25}.Release|Any CPU.ActiveCfg = Release|Any CPU
		{A8375AA3-1AAA-4120-8CC7-57CC2E4FDA25}.Release|Any CPU.Build.0 = Release|Any CPU
		{5EA01649-9D48-46E0-AB6E-69FA5787F9DA}.Debug|Any CPU.ActiveCfg = Debug|Any CPU
		{5EA01649-9D48-46E0-AB6E-69FA5787F9DA}.Debug|Any CPU.Build.0 = Debug|Any CPU
		{5EA01649-9D48-46E0-AB6E-69FA5787F9DA}.Release|Any CPU.ActiveCfg = Release|Any CPU
		{5EA01649-9D48-46E0-AB6E-69FA5787F9DA}.Release|Any CPU.Build.0 = Release|Any CPU
		{EA431388-5B92-42BB-9E81-292B2F47342B}.Debug|Any CPU.ActiveCfg = Debug|Any CPU
		{EA431388-5B92-42BB-9E81-292B2F47342B}.Debug|Any CPU.Build.0 = Debug|Any CPU
		{EA431388-5B92-42BB-9E81-292B2F47342B}.Release|Any CPU.ActiveCfg = Release|Any CPU
		{EA431388-5B92-42BB-9E81-292B2F47342B}.Release|Any CPU.Build.0 = Release|Any CPU
		{867435F3-313E-4D7E-8A5A-DDD7A450BF3B}.Debug|Any CPU.ActiveCfg = Debug|Any CPU
		{867435F3-313E-4D7E-8A5A-DDD7A450BF3B}.Debug|Any CPU.Build.0 = Debug|Any CPU
		{867435F3-313E-4D7E-8A5A-DDD7A450BF3B}.Release|Any CPU.ActiveCfg = Release|Any CPU
		{867435F3-313E-4D7E-8A5A-DDD7A450BF3B}.Release|Any CPU.Build.0 = Release|Any CPU
		{CF377678-E457-4E36-9387-C46C728664FE}.Debug|Any CPU.ActiveCfg = Debug|Any CPU
		{CF377678-E457-4E36-9387-C46C728664FE}.Debug|Any CPU.Build.0 = Debug|Any CPU
		{CF377678-E457-4E36-9387-C46C728664FE}.Release|Any CPU.ActiveCfg = Release|Any CPU
		{CF377678-E457-4E36-9387-C46C728664FE}.Release|Any CPU.Build.0 = Release|Any CPU
		{8F77A3F5-927A-478B-829A-A5F9FAA02BC1}.Debug|Any CPU.ActiveCfg = Debug|Any CPU
		{8F77A3F5-927A-478B-829A-A5F9FAA02BC1}.Debug|Any CPU.Build.0 = Debug|Any CPU
		{8F77A3F5-927A-478B-829A-A5F9FAA02BC1}.Release|Any CPU.ActiveCfg = Release|Any CPU
		{8F77A3F5-927A-478B-829A-A5F9FAA02BC1}.Release|Any CPU.Build.0 = Release|Any CPU
		{4E3EE3CF-ADE9-4542-986C-0516EC3C0F37}.Debug|Any CPU.ActiveCfg = Debug|Any CPU
		{4E3EE3CF-ADE9-4542-986C-0516EC3C0F37}.Debug|Any CPU.Build.0 = Debug|Any CPU
		{4E3EE3CF-ADE9-4542-986C-0516EC3C0F37}.Release|Any CPU.ActiveCfg = Release|Any CPU
		{4E3EE3CF-ADE9-4542-986C-0516EC3C0F37}.Release|Any CPU.Build.0 = Release|Any CPU
		{06362EEE-FEC6-4059-B3DB-79687CF0E7DF}.Debug|Any CPU.ActiveCfg = Debug|Any CPU
		{06362EEE-FEC6-4059-B3DB-79687CF0E7DF}.Debug|Any CPU.Build.0 = Debug|Any CPU
		{06362EEE-FEC6-4059-B3DB-79687CF0E7DF}.Release|Any CPU.ActiveCfg = Release|Any CPU
		{06362EEE-FEC6-4059-B3DB-79687CF0E7DF}.Release|Any CPU.Build.0 = Release|Any CPU
		{12A57071-E10C-443A-A9E9-03C2A1B6B6E0}.Debug|Any CPU.ActiveCfg = Debug|Any CPU
		{12A57071-E10C-443A-A9E9-03C2A1B6B6E0}.Debug|Any CPU.Build.0 = Debug|Any CPU
		{12A57071-E10C-443A-A9E9-03C2A1B6B6E0}.Release|Any CPU.ActiveCfg = Release|Any CPU
		{12A57071-E10C-443A-A9E9-03C2A1B6B6E0}.Release|Any CPU.Build.0 = Release|Any CPU
		{81178789-718E-4EDE-8D3F-980B5C42D5F2}.Debug|Any CPU.ActiveCfg = Debug|Any CPU
		{81178789-718E-4EDE-8D3F-980B5C42D5F2}.Debug|Any CPU.Build.0 = Debug|Any CPU
		{81178789-718E-4EDE-8D3F-980B5C42D5F2}.Release|Any CPU.ActiveCfg = Release|Any CPU
		{81178789-718E-4EDE-8D3F-980B5C42D5F2}.Release|Any CPU.Build.0 = Release|Any CPU
	EndGlobalSection
	GlobalSection(SolutionProperties) = preSolution
		HideSolutionNode = FALSE
	EndGlobalSection
	GlobalSection(ExtensibilityGlobals) = postSolution
		SolutionGuid = {25E9FCEF-1F13-4A95-B6B6-849456091804}
	EndGlobalSection
EndGlobal
